
Microsoft Visual Studio Solution File, Format Version 12.00
# Visual Studio Version 17
VisualStudioVersion = 17.8.34525.116
MinimumVisualStudioVersion = 10.0.40219.1
Project("{FAE04EC0-301F-11D3-BF4B-00C04F79EFBC}") = "ContosoUniversity", "Contoso University\ContosoUniversity.csproj", "{F87E63A9-9B85-4622-9BEC-AC81B25852DE}"
EndProject
Global
	GlobalSection(SolutionConfigurationPlatforms) = preSolution
		Debug|Any CPU = Debug|Any CPU
		Release|Any CPU = Release|Any CPU
	EndGlobalSection
	GlobalSection(ProjectConfigurationPlatforms) = postSolution
		{F87E63A9-9B85-4622-9BEC-AC81B25852DE}.Debug|Any CPU.ActiveCfg = Debug|Any CPU
		{F87E63A9-9B85-4622-9BEC-AC81B25852DE}.Debug|Any CPU.Build.0 = Debug|Any CPU
		{F87E63A9-9B85-4622-9BEC-AC81B25852DE}.Release|Any CPU.ActiveCfg = Release|Any CPU
		{F87E63A9-9B85-4622-9BEC-AC81B25852DE}.Release|Any CPU.Build.0 = Release|Any CPU
	EndGlobalSection
	GlobalSection(SolutionProperties) = preSolution
		HideSolutionNode = FALSE
	EndGlobalSection
	GlobalSection(ExtensibilityGlobals) = postSolution
		SolutionGuid = {2EBDA785-B622-462C-ABD0-96DE0C8DEFBA}
	EndGlobalSection
EndGlobal
